
Microsoft Visual Studio Solution File, Format Version 12.00
# Visual Studio Version 16
VisualStudioVersion = 16.0.34601.136
MinimumVisualStudioVersion = 10.0.40219.1
Project("{FAE04EC0-301F-11D3-BF4B-00C04F79EFBC}") = "FirstApp", "FirstApp\FirstApp.csproj", "{4AD36B09-14D8-4E44-8639-A02CA9D00203}"
EndProject
Global
	GlobalSection(SolutionConfigurationPlatforms) = preSolution
		Debug|Any CPU = Debug|Any CPU
		Release|Any CPU = Release|Any CPU
	EndGlobalSection
	GlobalSection(ProjectConfigurationPlatforms) = postSolution
		{4AD36B09-14D8-4E44-8639-A02CA9D00203}.Debug|Any CPU.ActiveCfg = Debug|Any CPU
		{4AD36B09-14D8-4E44-8639-A02CA9D00203}.Debug|Any CPU.Build.0 = Debug|Any CPU
		{4AD36B09-14D8-4E44-8639-A02CA9D00203}.Release|Any CPU.ActiveCfg = Release|Any CPU
		{4AD36B09-14D8-4E44-8639-A02CA9D00203}.Release|Any CPU.Build.0 = Release|Any CPU
	EndGlobalSection
	GlobalSection(SolutionProperties) = preSolution
		HideSolutionNode = FALSE
	EndGlobalSection
	GlobalSection(ExtensibilityGlobals) = postSolution
		SolutionGuid = {1DA01442-58BE-48EF-854E-021957AD6077}
	EndGlobalSection
EndGlobal
